
Microsoft Visual Studio Solution File, Format Version 12.00
# Visual Studio Version 17
VisualStudioVersion = 17.1.32228.430
MinimumVisualStudioVersion = 10.0.40219.1
Project("{FAE04EC0-301F-11D3-BF4B-00C04F79EFBC}") = "samuraiApp.Domain", "samuraiApp.Domain\samuraiApp.Domain.csproj", "{80F96CB9-E197-4642-B677-B9D61C4A89DE}"
EndProject
Project("{FAE04EC0-301F-11D3-BF4B-00C04F79EFBC}") = "SamuraiApp.Data", "SamuraiApp.Data\SamuraiApp.Data.csproj", "{1CBC91DC-36FB-4524-8E6C-52903FFFFD12}"
EndProject
Project("{FAE04EC0-301F-11D3-BF4B-00C04F79EFBC}") = "SamuraiApp.UI", "SamuraiApp.UI\SamuraiApp.UI.csproj", "{A559B443-FC18-48F0-BD43-60C4C75A847D}"
EndProject
Global
	GlobalSection(SolutionConfigurationPlatforms) = preSolution
		Debug|Any CPU = Debug|Any CPU
		Release|Any CPU = Release|Any CPU
	EndGlobalSection
	GlobalSection(ProjectConfigurationPlatforms) = postSolution
		{80F96CB9-E197-4642-B677-B9D61C4A89DE}.Debug|Any CPU.ActiveCfg = Debug|Any CPU
		{80F96CB9-E197-4642-B677-B9D61C4A89DE}.Debug|Any CPU.Build.0 = Debug|Any CPU
		{80F96CB9-E197-4642-B677-B9D61C4A89DE}.Release|Any CPU.ActiveCfg = Release|Any CPU
		{80F96CB9-E197-4642-B677-B9D61C4A89DE}.Release|Any CPU.Build.0 = Release|Any CPU
		{1CBC91DC-36FB-4524-8E6C-52903FFFFD12}.Debug|Any CPU.ActiveCfg = Debug|Any CPU
		{1CBC91DC-36FB-4524-8E6C-52903FFFFD12}.Debug|Any CPU.Build.0 = Debug|Any CPU
		{1CBC91DC-36FB-4524-8E6C-52903FFFFD12}.Release|Any CPU.ActiveCfg = Release|Any CPU
		{1CBC91DC-36FB-4524-8E6C-52903FFFFD12}.Release|Any CPU.Build.0 = Release|Any CPU
		{A559B443-FC18-48F0-BD43-60C4C75A847D}.Debug|Any CPU.ActiveCfg = Debug|Any CPU
		{A559B443-FC18-48F0-BD43-60C4C75A847D}.Debug|Any CPU.Build.0 = Debug|Any CPU
		{A559B443-FC18-48F0-BD43-60C4C75A847D}.Release|Any CPU.ActiveCfg = Release|Any CPU
		{A559B443-FC18-48F0-BD43-60C4C75A847D}.Release|Any CPU.Build.0 = Release|Any CPU
	EndGlobalSection
	GlobalSection(SolutionProperties) = preSolution
		HideSolutionNode = FALSE
	EndGlobalSection
	GlobalSection(ExtensibilityGlobals) = postSolution
		SolutionGuid = {41B8AE41-FE04-41C9-BBA4-9E48082E3066}
	EndGlobalSection
EndGlobal
